
Microsoft Visual Studio Solution File, Format Version 12.00
# Visual Studio Version 16
VisualStudioVersion = 16.0.32802.440
MinimumVisualStudioVersion = 10.0.40219.1
Project("{FAE04EC0-301F-11D3-BF4B-00C04F79EFBC}") = "Lukasz_Koscielniak_Kol", "Lukasz_Koscielniak_Kol.csproj", "{409A718E-70C2-4AD1-87FC-E24CBDC54606}"
EndProject
Global
	GlobalSection(SolutionConfigurationPlatforms) = preSolution
		Debug|Any CPU = Debug|Any CPU
		Release|Any CPU = Release|Any CPU
	EndGlobalSection
	GlobalSection(ProjectConfigurationPlatforms) = postSolution
		{409A718E-70C2-4AD1-87FC-E24CBDC54606}.Debug|Any CPU.ActiveCfg = Debug|Any CPU
		{409A718E-70C2-4AD1-87FC-E24CBDC54606}.Debug|Any CPU.Build.0 = Debug|Any CPU
		{409A718E-70C2-4AD1-87FC-E24CBDC54606}.Release|Any CPU.ActiveCfg = Release|Any CPU
		{409A718E-70C2-4AD1-87FC-E24CBDC54606}.Release|Any CPU.Build.0 = Release|Any CPU
	EndGlobalSection
	GlobalSection(SolutionProperties) = preSolution
		HideSolutionNode = FALSE
	EndGlobalSection
	GlobalSection(ExtensibilityGlobals) = postSolution
		SolutionGuid = {DB92E5B2-2DB1-430A-B3BD-3FE6F4E058DA}
	EndGlobalSection
EndGlobal
